
Microsoft Visual Studio Solution File, Format Version 12.00
# Visual Studio Version 16
VisualStudioVersion = 16.0.30011.22
MinimumVisualStudioVersion = 10.0.40219.1
Project("{FAE04EC0-301F-11D3-BF4B-00C04F79EFBC}") = "HelloWorld", "HelloWorld\HelloWorld.csproj", "{288ECDB7-0917-4401-86DD-83CC1D3DD1CC}"
EndProject
Global
	GlobalSection(SolutionConfigurationPlatforms) = preSolution
		Debug|Any CPU = Debug|Any CPU
		Release|Any CPU = Release|Any CPU
	EndGlobalSection
	GlobalSection(ProjectConfigurationPlatforms) = postSolution
		{288ECDB7-0917-4401-86DD-83CC1D3DD1CC}.Debug|Any CPU.ActiveCfg = Debug|Any CPU
		{288ECDB7-0917-4401-86DD-83CC1D3DD1CC}.Debug|Any CPU.Build.0 = Debug|Any CPU
		{288ECDB7-0917-4401-86DD-83CC1D3DD1CC}.Release|Any CPU.ActiveCfg = Release|Any CPU
		{288ECDB7-0917-4401-86DD-83CC1D3DD1CC}.Release|Any CPU.Build.0 = Release|Any CPU
	EndGlobalSection
	GlobalSection(SolutionProperties) = preSolution
		HideSolutionNode = FALSE
	EndGlobalSection
	GlobalSection(ExtensibilityGlobals) = postSolution
		SolutionGuid = {BCBD25C8-A582-4410-9324-F747E80702AA}
	EndGlobalSection
EndGlobal
